{
  "version": 4,
  "terraform_version": "1.6.3",
  "serial": 3,
  "lineage": "0e1960aa-177a-f8b3-d2e0-10d038e79a48",
  "outputs": {
    "subnet_cidr_blocks": {
      "value": [
        "10.0.1.0/24",
        "10.0.3.0/24",
        "10.0.2.0/24"
      ],
      "type": [
        "tuple",
        [
          "string",
          "string",
          "string"
        ]
      ]
    }
  },
  "resources": [
    {
      "mode": "data",
      "type": "aws_subnet",
      "name": "example",
      "provider": "provider[\"registry.terraform.io/hashicorp/aws\"]",
      "instances": [
        {
          "index_key": "subnet-0363569f91f7bac2d",
          "schema_version": 0,
          "attributes": {
            "arn": "arn:aws:ec2:us-west-2:759995470648:subnet/subnet-0363569f91f7bac2d",
            "assign_ipv6_address_on_creation": false,
            "availability_zone": "us-west-2a",
            "availability_zone_id": "usw2-az2",
            "available_ip_address_count": 244,
            "cidr_block": "10.0.1.0/24",
            "customer_owned_ipv4_pool": "",
            "default_for_az": false,
            "enable_dns64": false,
            "enable_lni_at_device_index": 0,
            "enable_resource_name_dns_a_record_on_launch": false,
            "enable_resource_name_dns_aaaa_record_on_launch": false,
            "filter": null,
            "id": "subnet-0363569f91f7bac2d",
            "ipv6_cidr_block": "",
            "ipv6_cidr_block_association_id": "",
            "ipv6_native": false,
            "map_customer_owned_ip_on_launch": false,
            "map_public_ip_on_launch": true,
            "outpost_arn": "",
            "owner_id": "759995470648",
            "private_dns_hostname_type_on_launch": "ip-name",
            "state": "available",
            "tags": {
              "KubernetesCluster": "net0sz2267",
              "Name": "Oded_sub1"
            },
            "timeouts": null,
            "vpc_id": "vpc-06df8175c83fa34d3"
          },
          "sensitive_attributes": []
        },
        {
          "index_key": "subnet-043411ee48ffb8b49",
          "schema_version": 0,
          "attributes": {
            "arn": "arn:aws:ec2:us-west-2:759995470648:subnet/subnet-043411ee48ffb8b49",
            "assign_ipv6_address_on_creation": false,
            "availability_zone": "us-west-2c",
            "availability_zone_id": "usw2-az3",
            "available_ip_address_count": 242,
            "cidr_block": "10.0.3.0/24",
            "customer_owned_ipv4_pool": "",
            "default_for_az": false,
            "enable_dns64": false,
            "enable_lni_at_device_index": 0,
            "enable_resource_name_dns_a_record_on_launch": false,
            "enable_resource_name_dns_aaaa_record_on_launch": false,
            "filter": null,
            "id": "subnet-043411ee48ffb8b49",
            "ipv6_cidr_block": "",
            "ipv6_cidr_block_association_id": "",
            "ipv6_native": false,
            "map_customer_owned_ip_on_launch": false,
            "map_public_ip_on_launch": true,
            "outpost_arn": "",
            "owner_id": "759995470648",
            "private_dns_hostname_type_on_launch": "ip-name",
            "state": "available",
            "tags": {
              "Name": "Oded_sub3"
            },
            "timeouts": null,
            "vpc_id": "vpc-06df8175c83fa34d3"
          },
          "sensitive_attributes": []
        },
        {
          "index_key": "subnet-0ad787406f660bcbb",
          "schema_version": 0,
          "attributes": {
            "arn": "arn:aws:ec2:us-west-2:759995470648:subnet/subnet-0ad787406f660bcbb",
            "assign_ipv6_address_on_creation": false,
            "availability_zone": "us-west-2b",
            "availability_zone_id": "usw2-az1",
            "available_ip_address_count": 229,
            "cidr_block": "10.0.2.0/24",
            "customer_owned_ipv4_pool": "",
            "default_for_az": false,
            "enable_dns64": false,
            "enable_lni_at_device_index": 0,
            "enable_resource_name_dns_a_record_on_launch": false,
            "enable_resource_name_dns_aaaa_record_on_launch": false,
            "filter": null,
            "id": "subnet-0ad787406f660bcbb",
            "ipv6_cidr_block": "",
            "ipv6_cidr_block_association_id": "",
            "ipv6_native": false,
            "map_customer_owned_ip_on_launch": false,
            "map_public_ip_on_launch": true,
            "outpost_arn": "",
            "owner_id": "759995470648",
            "private_dns_hostname_type_on_launch": "ip-name",
            "state": "available",
            "tags": {
              "Name": "Oded_sub2"
            },
            "timeouts": null,
            "vpc_id": "vpc-06df8175c83fa34d3"
          },
          "sensitive_attributes": []
        }
      ]
    },
    {
      "mode": "data",
      "type": "aws_subnets",
      "name": "example",
      "provider": "provider[\"registry.terraform.io/hashicorp/aws\"]",
      "instances": [
        {
          "schema_version": 0,
          "attributes": {
            "filter": [
              {
                "name": "vpc-id",
                "values": [
                  "vpc-06df8175c83fa34d3"
                ]
              }
            ],
            "id": "us-west-2",
            "ids": [
              "subnet-0ad787406f660bcbb",
              "subnet-0363569f91f7bac2d",
              "subnet-043411ee48ffb8b49"
            ],
            "tags": null,
            "timeouts": null
          },
          "sensitive_attributes": []
        }
      ]
    },
    {
      "mode": "managed",
      "type": "aws_fsx_ontap_file_system",
      "name": "rvwn-terra-fsxn",
      "provider": "provider[\"registry.terraform.io/hashicorp/aws\"]",
      "instances": [
        {
          "schema_version": 0,
          "attributes": {
            "arn": "arn:aws:fsx:us-west-2:759995470648:file-system/fs-0470a55375a0f179d",
            "automatic_backup_retention_days": 0,
            "daily_automatic_backup_start_time": "",
            "deployment_type": "SINGLE_AZ_1",
            "disk_iops_configuration": [
              {
                "iops": 3072,
                "mode": "AUTOMATIC"
              }
            ],
            "dns_name": "",
            "endpoint_ip_address_range": "",
            "endpoints": [
              {
                "intercluster": [
                  {
                    "dns_name": "intercluster.fs-0470a55375a0f179d.fsx.us-west-2.amazonaws.com",
                    "ip_addresses": [
                      "10.0.1.205",
                      "10.0.1.240"
                    ]
                  }
                ],
                "management": [
                  {
                    "dns_name": "management.fs-0470a55375a0f179d.fsx.us-west-2.amazonaws.com",
                    "ip_addresses": [
                      "10.0.1.122"
                    ]
                  }
                ]
              }
            ],
            "fsx_admin_password": "",
            "id": "fs-0470a55375a0f179d",
            "kms_key_id": "arn:aws:kms:us-west-2:759995470648:key/3882c44d-f8e6-4d58-b7e7-f5ff6ab44319",
            "network_interface_ids": [
              "eni-0af2c10e1d997a087",
              "eni-02fc95b21a2347812"
            ],
            "owner_id": "759995470648",
            "preferred_subnet_id": "subnet-0363569f91f7bac2d",
            "route_table_ids": [],
            "security_group_ids": null,
            "storage_capacity": 1024,
            "storage_type": "SSD",
            "subnet_ids": [
              "subnet-0363569f91f7bac2d"
            ],
            "tags": null,
            "tags_all": {},
            "throughput_capacity": 128,
            "timeouts": null,
            "vpc_id": "vpc-06df8175c83fa34d3",
            "weekly_maintenance_start_time": "2:13:00"
          },
          "sensitive_attributes": [],
          "private": "eyJlMmJmYjczMC1lY2FhLTExZTYtOGY4OC0zNDM2M2JjN2M0YzAiOnsiY3JlYXRlIjozNjAwMDAwMDAwMDAwLCJkZWxldGUiOjM2MDAwMDAwMDAwMDAsInVwZGF0ZSI6MzYwMDAwMDAwMDAwMH19"
        }
      ]
    }
  ],
  "check_results": null
}
